// !$*UTF8*$!
{
	archiveVersion = 1;
	classes = {
	};
	objectVersion = 56;
	objects = {

/* Begin PBXBuildFile section */
		FC04CB5E2D52C99D000C86FA /* SeeSoundApp.swift in Sources */ = {isa = PBXBuildFile; fileRef = FC04CB5D2D52C99D000C86FA /* SeeSoundApp.swift */; };
		FC04CB602D52C99D000C86FA /* ContentView.swift in Sources */ = {isa = PBXBuildFile; fileRef = FC04CB5F2D52C99D000C86FA /* ContentView.swift */; };
		FC04CB622D52C99E000C86FA /* Assets.xcassets in Resources */ = {isa = PBXBuildFile; fileRef = FC04CB612D52C99E000C86FA /* Assets.xcassets */; };
		FC04CB652D52C99E000C86FA /* Preview Assets.xcassets in Resources */ = {isa = PBXBuildFile; fileRef = FC04CB642D52C99E000C86FA /* Preview Assets.xcassets */; };
		FC04CB6F2D52C99E000C86FA /* SeeSoundTests.swift in Sources */ = {isa = PBXBuildFile; fileRef = FC04CB6E2D52C99E000C86FA /* SeeSoundTests.swift */; };
		FC04CB792D52C99E000C86FA /* SeeSoundUITests.swift in Sources */ = {isa = PBXBuildFile; fileRef = FC04CB782D52C99E000C86FA /* SeeSoundUITests.swift */; };
		FC04CB7B2D52C99E000C86FA /* SeeSoundUITestsLaunchTests.swift in Sources */ = {isa = PBXBuildFile; fileRef = FC04CB7A2D52C99E000C86FA /* SeeSoundUITestsLaunchTests.swift */; };
/* End PBXBuildFile section */

/* Begin PBXContainerItemProxy section */
		FC04CB6B2D52C99E000C86FA /* PBXContainerItemProxy */ = {
			isa = PBXContainerItemProxy;
			containerPortal = FC04CB522D52C99D000C86FA /* Project object */;
			proxyType = 1;
			remoteGlobalIDString = FC04CB592D52C99D000C86FA;
			remoteInfo = SeeSound;
		};
		FC04CB752D52C99E000C86FA /* PBXContainerItemProxy */ = {
			isa = PBXContainerItemProxy;
			containerPortal = FC04CB522D52C99D000C86FA /* Project object */;
			proxyType = 1;
			remoteGlobalIDString = FC04CB592D52C99D000C86FA;
			remoteInfo = SeeSound;
		};
/* End PBXContainerItemProxy section */

/* Begin PBXFileReference section */
		FC04CB5A2D52C99D000C86FA /* SeeSound.app */ = {isa = PBXFileReference; explicitFileType = wrapper.application; includeInIndex = 0; path = SeeSound.app; sourceTree = BUILT_PRODUCTS_DIR; };
		FC04CB5D2D52C99D000C86FA /* SeeSoundApp.swift */ = {isa = PBXFileReference; lastKnownFileType = sourcecode.swift; path = SeeSoundApp.swift; sourceTree = "<group>"; };
		FC04CB5F2D52C99D000C86FA /* ContentView.swift */ = {isa = PBXFileReference; lastKnownFileType = sourcecode.swift; path = ContentView.swift; sourceTree = "<group>"; };
		FC04CB612D52C99E000C86FA /* Assets.xcassets */ = {isa = PBXFileReference; lastKnownFileType = folder.assetcatalog; path = Assets.xcassets; sourceTree = "<group>"; };
		FC04CB642D52C99E000C86FA /* Preview Assets.xcassets */ = {isa = PBXFileReference; lastKnownFileType = folder.assetcatalog; path = "Preview Assets.xcassets"; sourceTree = "<group>"; };
		FC04CB6A2D52C99E000C86FA /* SeeSoundTests.xctest */ = {isa = PBXFileReference; explicitFileType = wrapper.cfbundle; includeInIndex = 0; path = SeeSoundTests.xctest; sourceTree = BUILT_PRODUCTS_DIR; };
		FC04CB6E2D52C99E000C86FA /* SeeSoundTests.swift */ = {isa = PBXFileReference; lastKnownFileType = sourcecode.swift; path = SeeSoundTests.swift; sourceTree = "<group>"; };
		FC04CB742D52C99E000C86FA /* SeeSoundUITests.xctest */ = {isa = PBXFileReference; explicitFileType = wrapper.cfbundle; includeInIndex = 0; path = SeeSoundUITests.xctest; sourceTree = BUILT_PRODUCTS_DIR; };
		FC04CB782D52C99E000C86FA /* SeeSoundUITests.swift */ = {isa = PBXFileReference; lastKnownFileType = sourcecode.swift; path = SeeSoundUITests.swift; sourceTree = "<group>"; };
		FC04CB7A2D52C99E000C86FA /* SeeSoundUITestsLaunchTests.swift */ = {isa = PBXFileReference; lastKnownFileType = sourcecode.swift; path = SeeSoundUITestsLaunchTests.swift; sourceTree = "<group>"; };
/* End PBXFileReference section */

/* Begin PBXFrameworksBuildPhase section */
		FC04CB572D52C99D000C86FA /* Frameworks */ = {
			isa = PBXFrameworksBuildPhase;
			buildActionMask = 2147483647;
			files = (
			);
			runOnlyForDeploymentPostprocessing = 0;
		};
		FC04CB672D52C99E000C86FA /* Frameworks */ = {
			isa = PBXFrameworksBuildPhase;
			buildActionMask = 2147483647;
			files = (
			);
			runOnlyForDeploymentPostprocessing = 0;
		};
		FC04CB712D52C99E000C86FA /* Frameworks */ = {
			isa = PBXFrameworksBuildPhase;
			buildActionMask = 2147483647;
			files = (
			);
			runOnlyForDeploymentPostprocessing = 0;
		};
/* End PBXFrameworksBuildPhase section */

/* Begin PBXGroup section */
		FC04CB512D52C99D000C86FA = {
			isa = PBXGroup;
			children = (
				FC04CB5C2D52C99D000C86FA /* SeeSound */,
				FC04CB6D2D52C99E000C86FA /* SeeSoundTests */,
				FC04CB772D52C99E000C86FA /* SeeSoundUITests */,
				FC04CB5B2D52C99D000C86FA /* Products */,
			);
			sourceTree = "<group>";
		};
		FC04CB5B2D52C99D000C86FA /* Products */ = {
			isa = PBXGroup;
			children = (
				FC04CB5A2D52C99D000C86FA /* SeeSound.app */,
				FC04CB6A2D52C99E000C86FA /* SeeSoundTests.xctest */,
				FC04CB742D52C99E000C86FA /* SeeSoundUITests.xctest */,
			);
			name = Products;
			sourceTree = "<group>";
		};
		FC04CB5C2D52C99D000C86FA /* SeeSound */ = {
			isa = PBXGroup;
			children = (
				FC04CB5D2D52C99D000C86FA /* SeeSoundApp.swift */,
				FC04CB5F2D52C99D000C86FA /* ContentView.swift */,
				FC04CB612D52C99E000C86FA /* Assets.xcassets */,
				FC04CB632D52C99E000C86FA /* Preview Content */,
			);
			path = SeeSound;
			sourceTree = "<group>";
		};
		FC04CB632D52C99E000C86FA /* Preview Content */ = {
			isa = PBXGroup;
			children = (
				FC04CB642D52C99E000C86FA /* Preview Assets.xcassets */,
			);
			path = "Preview Content";
			sourceTree = "<group>";
		};
		FC04CB6D2D52C99E000C86FA /* SeeSoundTests */ = {
			isa = PBXGroup;
			children = (
				FC04CB6E2D52C99E000C86FA /* SeeSoundTests.swift */,
			);
			path = SeeSoundTests;
			sourceTree = "<group>";
		};
		FC04CB772D52C99E000C86FA /* SeeSoundUITests */ = {
			isa = PBXGroup;
			children = (
				FC04CB782D52C99E000C86FA /* SeeSoundUITests.swift */,
				FC04CB7A2D52C99E000C86FA /* SeeSoundUITestsLaunchTests.swift */,
			);
			path = SeeSoundUITests;
			sourceTree = "<group>";
		};
/* End PBXGroup section */

/* Begin PBXNativeTarget section */
		FC04CB592D52C99D000C86FA /* SeeSound */ = {
			isa = PBXNativeTarget;
			buildConfigurationList = FC04CB7E2D52C99E000C86FA /* Build configuration list for PBXNativeTarget "SeeSound" */;
			buildPhases = (
				FC04CB562D52C99D000C86FA /* Sources */,
				FC04CB572D52C99D000C86FA /* Frameworks */,
				FC04CB582D52C99D000C86FA /* Resources */,
			);
			buildRules = (
			);
			dependencies = (
			);
			name = SeeSound;
			productName = SeeSound;
			productReference = FC04CB5A2D52C99D000C86FA /* SeeSound.app */;
			productType = "com.apple.product-type.application";
		};
		FC04CB692D52C99E000C86FA /* SeeSoundTests */ = {
			isa = PBXNativeTarget;
			buildConfigurationList = FC04CB812D52C99E000C86FA /* Build configuration list for PBXNativeTarget "SeeSoundTests" */;
			buildPhases = (
				FC04CB662D52C99E000C86FA /* Sources */,
				FC04CB672D52C99E000C86FA /* Frameworks */,
				FC04CB682D52C99E000C86FA /* Resources */,
			);
			buildRules = (
			);
			dependencies = (
				FC04CB6C2D52C99E000C86FA /* PBXTargetDependency */,
			);
			name = SeeSoundTests;
			productName = SeeSoundTests;
			productReference = FC04CB6A2D52C99E000C86FA /* SeeSoundTests.xctest */;
			productType = "com.apple.product-type.bundle.unit-test";
		};
		FC04CB732D52C99E000C86FA /* SeeSoundUITests */ = {
			isa = PBXNativeTarget;
			buildConfigurationList = FC04CB842D52C99E000C86FA /* Build configuration list for PBXNativeTarget "SeeSoundUITests" */;
			buildPhases = (
				FC04CB702D52C99E000C86FA /* Sources */,
				FC04CB712D52C99E000C86FA /* Frameworks */,
				FC04CB722D52C99E000C86FA /* Resources */,
			);
			buildRules = (
			);
			dependencies = (
				FC04CB762D52C99E000C86FA /* PBXTargetDependency */,
			);
			name = SeeSoundUITests;
			productName = SeeSoundUITests;
			productReference = FC04CB742D52C99E000C86FA /* SeeSoundUITests.xctest */;
			productType = "com.apple.product-type.bundle.ui-testing";
		};
/* End PBXNativeTarget section */

/* Begin PBXProject section */
		FC04CB522D52C99D000C86FA /* Project object */ = {
			isa = PBXProject;
			attributes = {
				BuildIndependentTargetsInParallel = 1;
				LastSwiftUpdateCheck = 1540;
				LastUpgradeCheck = 1540;
				TargetAttributes = {
					FC04CB592D52C99D000C86FA = {
						CreatedOnToolsVersion = 15.4;
					};
					FC04CB692D52C99E000C86FA = {
						CreatedOnToolsVersion = 15.4;
						TestTargetID = FC04CB592D52C99D000C86FA;
					};
					FC04CB732D52C99E000C86FA = {
						CreatedOnToolsVersion = 15.4;
						TestTargetID = FC04CB592D52C99D000C86FA;
					};
				};
			};
			buildConfigurationList = FC04CB552D52C99D000C86FA /* Build configuration list for PBXProject "SeeSound" */;
			compatibilityVersion = "Xcode 14.0";
			developmentRegion = en;
			hasScannedForEncodings = 0;
			knownRegions = (
				en,
				Base,
			);
			mainGroup = FC04CB512D52C99D000C86FA;
			productRefGroup = FC04CB5B2D52C99D000C86FA /* Products */;
			projectDirPath = "";
			projectRoot = "";
			targets = (
				FC04CB592D52C99D000C86FA /* SeeSound */,
				FC04CB692D52C99E000C86FA /* SeeSoundTests */,
				FC04CB732D52C99E000C86FA /* SeeSoundUITests */,
			);
		};
/* End PBXProject section */

/* Begin PBXResourcesBuildPhase section */
		FC04CB582D52C99D000C86FA /* Resources */ = {
			isa = PBXResourcesBuildPhase;
			buildActionMask = 2147483647;
			files = (
				FC04CB652D52C99E000C86FA /* Preview Assets.xcassets in Resources */,
				FC04CB622D52C99E000C86FA /* Assets.xcassets in Resources */,
			);
			runOnlyForDeploymentPostprocessing = 0;
		};
		FC04CB682D52C99E000C86FA /* Resources */ = {
			isa = PBXResourcesBuildPhase;
			buildActionMask = 2147483647;
			files = (
			);
			runOnlyForDeploymentPostprocessing = 0;
		};
		FC04CB722D52C99E000C86FA /* Resources */ = {
			isa = PBXResourcesBuildPhase;
			buildActionMask = 2147483647;
			files = (
			);
			runOnlyForDeploymentPostprocessing = 0;
		};
/* End PBXResourcesBuildPhase section */

/* Begin PBXSourcesBuildPhase section */
		FC04CB562D52C99D000C86FA /* Sources */ = {
			isa = PBXSourcesBuildPhase;
			buildActionMask = 2147483647;
			files = (
				FC04CB602D52C99D000C86FA /* ContentView.swift in Sources */,
				FC04CB5E2D52C99D000C86FA /* SeeSoundApp.swift in Sources */,
			);
			runOnlyForDeploymentPostprocessing = 0;
		};
		FC04CB662D52C99E000C86FA /* Sources */ = {
			isa = PBXSourcesBuildPhase;
			buildActionMask = 2147483647;
			files = (
				FC04CB6F2D52C99E000C86FA /* SeeSoundTests.swift in Sources */,
			);
			runOnlyForDeploymentPostprocessing = 0;
		};
		FC04CB702D52C99E000C86FA /* Sources */ = {
			isa = PBXSourcesBuildPhase;
			buildActionMask = 2147483647;
			files = (
				FC04CB7B2D52C99E000C86FA /* SeeSoundUITestsLaunchTests.swift in Sources */,
				FC04CB792D52C99E000C86FA /* SeeSoundUITests.swift in Sources */,
			);
			runOnlyForDeploymentPostprocessing = 0;
		};
/* End PBXSourcesBuildPhase section */

/* Begin PBXTargetDependency section */
		FC04CB6C2D52C99E000C86FA /* PBXTargetDependency */ = {
			isa = PBXTargetDependency;
			target = FC04CB592D52C99D000C86FA /* SeeSound */;
			targetProxy = FC04CB6B2D52C99E000C86FA /* PBXContainerItemProxy */;
		};
		FC04CB762D52C99E000C86FA /* PBXTargetDependency */ = {
			isa = PBXTargetDependency;
			target = FC04CB592D52C99D000C86FA /* SeeSound */;
			targetProxy = FC04CB752D52C99E000C86FA /* PBXContainerItemProxy */;
		};
/* End PBXTargetDependency section */

/* Begin XCBuildConfiguration section */
		FC04CB7C2D52C99E000C86FA /* Debug */ = {
			isa = XCBuildConfiguration;
			buildSettings = {
				ALWAYS_SEARCH_USER_PATHS = NO;
				ASSETCATALOG_COMPILER_GENERATE_SWIFT_ASSET_SYMBOL_EXTENSIONS = YES;
				CLANG_ANALYZER_NONNULL = YES;
				CLANG_ANALYZER_NUMBER_OBJECT_CONVERSION = YES_AGGRESSIVE;
				CLANG_CXX_LANGUAGE_STANDARD = "gnu++20";
				CLANG_ENABLE_MODULES = YES;
				CLANG_ENABLE_OBJC_ARC = YES;
				CLANG_ENABLE_OBJC_WEAK = YES;
				CLANG_WARN_BLOCK_CAPTURE_AUTORELEASING = YES;
				CLANG_WARN_BOOL_CONVERSION = YES;
				CLANG_WARN_COMMA = YES;
				CLANG_WARN_CONSTANT_CONVERSION = YES;
				CLANG_WARN_DEPRECATED_OBJC_IMPLEMENTATIONS = YES;
				CLANG_WARN_DIRECT_OBJC_ISA_USAGE = YES_ERROR;
				CLANG_WARN_DOCUMENTATION_COMMENTS = YES;
				CLANG_WARN_EMPTY_BODY = YES;
				CLANG_WARN_ENUM_CONVERSION = YES;
				CLANG_WARN_INFINITE_RECURSION = YES;
				CLANG_WARN_INT_CONVERSION = YES;
				CLANG_WARN_NON_LITERAL_NULL_CONVERSION = YES;
				CLANG_WARN_OBJC_IMPLICIT_RETAIN_SELF = YES;
				CLANG_WARN_OBJC_LITERAL_CONVERSION = YES;
				CLANG_WARN_OBJC_ROOT_CLASS = YES_ERROR;
				CLANG_WARN_QUOTED_INCLUDE_IN_FRAMEWORK_HEADER = YES;
				CLANG_WARN_RANGE_LOOP_ANALYSIS = YES;
				CLANG_WARN_STRICT_PROTOTYPES = YES;
				CLANG_WARN_SUSPICIOUS_MOVE = YES;
				CLANG_WARN_UNGUARDED_AVAILABILITY = YES_AGGRESSIVE;
				CLANG_WARN_UNREACHABLE_CODE = YES;
				CLANG_WARN__DUPLICATE_METHOD_MATCH = YES;
				COPY_PHASE_STRIP = NO;
				DEBUG_INFORMATION_FORMAT = dwarf;
				ENABLE_STRICT_OBJC_MSGSEND = YES;
				ENABLE_TESTABILITY = YES;
				ENABLE_USER_SCRIPT_SANDBOXING = YES;
				GCC_C_LANGUAGE_STANDARD = gnu17;
				GCC_DYNAMIC_NO_PIC = NO;
				GCC_NO_COMMON_BLOCKS = YES;
				GCC_OPTIMIZATION_LEVEL = 0;
				GCC_PREPROCESSOR_DEFINITIONS = (
					"DEBUG=1",
					"$(inherited)",
				);
				GCC_WARN_64_TO_32_BIT_CONVERSION = YES;
				GCC_WARN_ABOUT_RETURN_TYPE = YES_ERROR;
				GCC_WARN_UNDECLARED_SELECTOR = YES;
				GCC_WARN_UNINITIALIZED_AUTOS = YES_AGGRESSIVE;
				GCC_WARN_UNUSED_FUNCTION = YES;
				GCC_WARN_UNUSED_VARIABLE = YES;
				IPHONEOS_DEPLOYMENT_TARGET = 17.5;
				LOCALIZATION_PREFERS_STRING_CATALOGS = YES;
				MTL_ENABLE_DEBUG_INFO = INCLUDE_SOURCE;
				MTL_FAST_MATH = YES;
				ONLY_ACTIVE_ARCH = YES;
				SDKROOT = iphoneos;
				SWIFT_ACTIVE_COMPILATION_CONDITIONS = "DEBUG $(inherited)";
				SWIFT_OPTIMIZATION_LEVEL = "-Onone";
			};
			name = Debug;
		};
		FC04CB7D2D52C99E000C86FA /* Release */ = {
			isa = XCBuildConfiguration;
			buildSettings = {
				ALWAYS_SEARCH_USER_PATHS = NO;
				ASSETCATALOG_COMPILER_GENERATE_SWIFT_ASSET_SYMBOL_EXTENSIONS = YES;
				CLANG_ANALYZER_NONNULL = YES;
				CLANG_ANALYZER_NUMBER_OBJECT_CONVERSION = YES_AGGRESSIVE;
				CLANG_CXX_LANGUAGE_STANDARD = "gnu++20";
				CLANG_ENABLE_MODULES = YES;
				CLANG_ENABLE_OBJC_ARC = YES;
				CLANG_ENABLE_OBJC_WEAK = YES;
				CLANG_WARN_BLOCK_CAPTURE_AUTORELEASING = YES;
				CLANG_WARN_BOOL_CONVERSION = YES;
				CLANG_WARN_COMMA = YES;
				CLANG_WARN_CONSTANT_CONVERSION = YES;
				CLANG_WARN_DEPRECATED_OBJC_IMPLEMENTATIONS = YES;
				CLANG_WARN_DIRECT_OBJC_ISA_USAGE = YES_ERROR;
				CLANG_WARN_DOCUMENTATION_COMMENTS = YES;
				CLANG_WARN_EMPTY_BODY = YES;
				CLANG_WARN_ENUM_CONVERSION = YES;
				CLANG_WARN_INFINITE_RECURSION = YES;
				CLANG_WARN_INT_CONVERSION = YES;
				CLANG_WARN_NON_LITERAL_NULL_CONVERSION = YES;
				CLANG_WARN_OBJC_IMPLICIT_RETAIN_SELF = YES;
				CLANG_WARN_OBJC_LITERAL_CONVERSION = YES;
				CLANG_WARN_OBJC_ROOT_CLASS = YES_ERROR;
				CLANG_WARN_QUOTED_INCLUDE_IN_FRAMEWORK_HEADER = YES;
				CLANG_WARN_RANGE_LOOP_ANALYSIS = YES;
				CLANG_WARN_STRICT_PROTOTYPES = YES;
				CLANG_WARN_SUSPICIOUS_MOVE = YES;
				CLANG_WARN_UNGUARDED_AVAILABILITY = YES_AGGRESSIVE;
				CLANG_WARN_UNREACHABLE_CODE = YES;
				CLANG_WARN__DUPLICATE_METHOD_MATCH = YES;
				COPY_PHASE_STRIP = NO;
				DEBUG_INFORMATION_FORMAT = "dwarf-with-dsym";
				ENABLE_NS_ASSERTIONS = NO;
				ENABLE_STRICT_OBJC_MSGSEND = YES;
				ENABLE_USER_SCRIPT_SANDBOXING = YES;
				GCC_C_LANGUAGE_STANDARD = gnu17;
				GCC_NO_COMMON_BLOCKS = YES;
				GCC_WARN_64_TO_32_BIT_CONVERSION = YES;
				GCC_WARN_ABOUT_RETURN_TYPE = YES_ERROR;
				GCC_WARN_UNDECLARED_SELECTOR = YES;
				GCC_WARN_UNINITIALIZED_AUTOS = YES_AGGRESSIVE;
				GCC_WARN_UNUSED_FUNCTION = YES;
				GCC_WARN_UNUSED_VARIABLE = YES;
				IPHONEOS_DEPLOYMENT_TARGET = 17.5;
				LOCALIZATION_PREFERS_STRING_CATALOGS = YES;
				MTL_ENABLE_DEBUG_INFO = NO;
				MTL_FAST_MATH = YES;
				SDKROOT = iphoneos;
				SWIFT_COMPILATION_MODE = wholemodule;
				VALIDATE_PRODUCT = YES;
			};
			name = Release;
		};
		FC04CB7F2D52C99E000C86FA /* Debug */ = {
			isa = XCBuildConfiguration;
			buildSettings = {
				ASSETCATALOG_COMPILER_APPICON_NAME = AppIcon;
				ASSETCATALOG_COMPILER_GLOBAL_ACCENT_COLOR_NAME = AccentColor;
				CODE_SIGN_STYLE = Automatic;
				CURRENT_PROJECT_VERSION = 1;
				DEVELOPMENT_ASSET_PATHS = "\"SeeSound/Preview Content\"";
				ENABLE_PREVIEWS = YES;
				GENERATE_INFOPLIST_FILE = YES;
				INFOPLIST_KEY_UIApplicationSceneManifest_Generation = YES;
				INFOPLIST_KEY_UIApplicationSupportsIndirectInputEvents = YES;
				INFOPLIST_KEY_UILaunchScreen_Generation = YES;
				INFOPLIST_KEY_UISupportedInterfaceOrientations_iPad = "UIInterfaceOrientationPortrait UIInterfaceOrientationPortraitUpsideDown UIInterfaceOrientationLandscapeLeft UIInterfaceOrientationLandscapeRight";
				INFOPLIST_KEY_UISupportedInterfaceOrientations_iPhone = "UIInterfaceOrientationPortrait UIInterfaceOrientationLandscapeLeft UIInterfaceOrientationLandscapeRight";
				LD_RUNPATH_SEARCH_PATHS = (
					"$(inherited)",
					"@executable_path/Frameworks",
				);
				MARKETING_VERSION = 1.0;
				PRODUCT_BUNDLE_IDENTIFIER = com.SeeSound;
				PRODUCT_NAME = "$(TARGET_NAME)";
				SWIFT_EMIT_LOC_STRINGS = YES;
				SWIFT_VERSION = 5.0;
				TARGETED_DEVICE_FAMILY = "1,2";
			};
			name = Debug;
		};
		FC04CB802D52C99E000C86FA /* Release */ = {
			isa = XCBuildConfiguration;
			buildSettings = {
				ASSETCATALOG_COMPILER_APPICON_NAME = AppIcon;
				ASSETCATALOG_COMPILER_GLOBAL_ACCENT_COLOR_NAME = AccentColor;
				CODE_SIGN_STYLE = Automatic;
				CURRENT_PROJECT_VERSION = 1;
				DEVELOPMENT_ASSET_PATHS = "\"SeeSound/Preview Content\"";
				ENABLE_PREVIEWS = YES;
				GENERATE_INFOPLIST_FILE = YES;
				INFOPLIST_KEY_UIApplicationSceneManifest_Generation = YES;
				INFOPLIST_KEY_UIApplicationSupportsIndirectInputEvents = YES;
				INFOPLIST_KEY_UILaunchScreen_Generation = YES;
				INFOPLIST_KEY_UISupportedInterfaceOrientations_iPad = "UIInterfaceOrientationPortrait UIInterfaceOrientationPortraitUpsideDown UIInterfaceOrientationLandscapeLeft UIInterfaceOrientationLandscapeRight";
				INFOPLIST_KEY_UISupportedInterfaceOrientations_iPhone = "UIInterfaceOrientationPortrait UIInterfaceOrientationLandscapeLeft UIInterfaceOrientationLandscapeRight";
				LD_RUNPATH_SEARCH_PATHS = (
					"$(inherited)",
					"@executable_path/Frameworks",
				);
				MARKETING_VERSION = 1.0;
				PRODUCT_BUNDLE_IDENTIFIER = com.SeeSound;
				PRODUCT_NAME = "$(TARGET_NAME)";
				SWIFT_EMIT_LOC_STRINGS = YES;
				SWIFT_VERSION = 5.0;
				TARGETED_DEVICE_FAMILY = "1,2";
			};
			name = Release;
		};
		FC04CB822D52C99E000C86FA /* Debug */ = {
			isa = XCBuildConfiguration;
			buildSettings = {
				ALWAYS_EMBED_SWIFT_STANDARD_LIBRARIES = YES;
				BUNDLE_LOADER = "$(TEST_HOST)";
				CODE_SIGN_STYLE = Automatic;
				CURRENT_PROJECT_VERSION = 1;
				GENERATE_INFOPLIST_FILE = YES;
				IPHONEOS_DEPLOYMENT_TARGET = 17.5;
				MARKETING_VERSION = 1.0;
				PRODUCT_BUNDLE_IDENTIFIER = com.SeeSoundTests;
				PRODUCT_NAME = "$(TARGET_NAME)";
				SWIFT_EMIT_LOC_STRINGS = NO;
				SWIFT_VERSION = 5.0;
				TARGETED_DEVICE_FAMILY = "1,2";
				TEST_HOST = "$(BUILT_PRODUCTS_DIR)/SeeSound.app/$(BUNDLE_EXECUTABLE_FOLDER_PATH)/SeeSound";
			};
			name = Debug;
		};
		FC04CB832D52C99E000C86FA /* Release */ = {
			isa = XCBuildConfiguration;
			buildSettings = {
				ALWAYS_EMBED_SWIFT_STANDARD_LIBRARIES = YES;
				BUNDLE_LOADER = "$(TEST_HOST)";
				CODE_SIGN_STYLE = Automatic;
				CURRENT_PROJECT_VERSION = 1;
				GENERATE_INFOPLIST_FILE = YES;
				IPHONEOS_DEPLOYMENT_TARGET = 17.5;
				MARKETING_VERSION = 1.0;
				PRODUCT_BUNDLE_IDENTIFIER = com.SeeSoundTests;
				PRODUCT_NAME = "$(TARGET_NAME)";
				SWIFT_EMIT_LOC_STRINGS = NO;
				SWIFT_VERSION = 5.0;
				TARGETED_DEVICE_FAMILY = "1,2";
				TEST_HOST = "$(BUILT_PRODUCTS_DIR)/SeeSound.app/$(BUNDLE_EXECUTABLE_FOLDER_PATH)/SeeSound";
			};
			name = Release;
		};
		FC04CB852D52C99E000C86FA /* Debug */ = {
			isa = XCBuildConfiguration;
			buildSettings = {
				ALWAYS_EMBED_SWIFT_STANDARD_LIBRARIES = YES;
				CODE_SIGN_STYLE = Automatic;
				CURRENT_PROJECT_VERSION = 1;
				GENERATE_INFOPLIST_FILE = YES;
				MARKETING_VERSION = 1.0;
				PRODUCT_BUNDLE_IDENTIFIER = com.SeeSoundUITests;
				PRODUCT_NAME = "$(TARGET_NAME)";
				SWIFT_EMIT_LOC_STRINGS = NO;
				SWIFT_VERSION = 5.0;
				TARGETED_DEVICE_FAMILY = "1,2";
				TEST_TARGET_NAME = SeeSound;
			};
			name = Debug;
		};
		FC04CB862D52C99E000C86FA /* Release */ = {
			isa = XCBuildConfiguration;
			buildSettings = {
				ALWAYS_EMBED_SWIFT_STANDARD_LIBRARIES = YES;
				CODE_SIGN_STYLE = Automatic;
				CURRENT_PROJECT_VERSION = 1;
				GENERATE_INFOPLIST_FILE = YES;
				MARKETING_VERSION = 1.0;
				PRODUCT_BUNDLE_IDENTIFIER = com.SeeSoundUITests;
				PRODUCT_NAME = "$(TARGET_NAME)";
				SWIFT_EMIT_LOC_STRINGS = NO;
				SWIFT_VERSION = 5.0;
				TARGETED_DEVICE_FAMILY = "1,2";
				TEST_TARGET_NAME = SeeSound;
			};
			name = Release;
		};
/* End XCBuildConfiguration section */

/* Begin XCConfigurationList section */
		FC04CB552D52C99D000C86FA /* Build configuration list for PBXProject "SeeSound" */ = {
			isa = XCConfigurationList;
			buildConfigurations = (
				FC04CB7C2D52C99E000C86FA /* Debug */,
				FC04CB7D2D52C99E000C86FA /* Release */,
			);
			defaultConfigurationIsVisible = 0;
			defaultConfigurationName = Release;
		};
		FC04CB7E2D52C99E000C86FA /* Build configuration list for PBXNativeTarget "SeeSound" */ = {
			isa = XCConfigurationList;
			buildConfigurations = (
				FC04CB7F2D52C99E000C86FA /* Debug */,
				FC04CB802D52C99E000C86FA /* Release */,
			);
			defaultConfigurationIsVisible = 0;
			defaultConfigurationName = Release;
		};
		FC04CB812D52C99E000C86FA /* Build configuration list for PBXNativeTarget "SeeSoundTests" */ = {
			isa = XCConfigurationList;
			buildConfigurations = (
				FC04CB822D52C99E000C86FA /* Debug */,
				FC04CB832D52C99E000C86FA /* Release */,
			);
			defaultConfigurationIsVisible = 0;
			defaultConfigurationName = Release;
		};
		FC04CB842D52C99E000C86FA /* Build configuration list for PBXNativeTarget "SeeSoundUITests" */ = {
			isa = XCConfigurationList;
			buildConfigurations = (
				FC04CB852D52C99E000C86FA /* Debug */,
				FC04CB862D52C99E000C86FA /* Release */,
			);
			defaultConfigurationIsVisible = 0;
			defaultConfigurationName = Release;
		};
/* End XCConfigurationList section */
	};
	rootObject = FC04CB522D52C99D000C86FA /* Project object */;
}
